
Microsoft Visual Studio Solution File, Format Version 12.00
# Visual Studio Version 17
VisualStudioVersion = 17.0.31903.59
MinimumVisualStudioVersion = 10.0.40219.1
Project("{2150E333-8FDC-42A3-9474-1A3956D46DE8}") = "src", "src", "{827E0CD3-B72D-47B6-A68D-7590B98EB39B}"
EndProject
Project("{FAE04EC0-301F-11D3-BF4B-00C04F79EFBC}") = "YaHub.Api", "src\YaHub.Api\YaHub.Api.csproj", "{91F6F50D-0CFA-4152-A278-83CC18AE62A2}"
EndProject
Project("{FAE04EC0-301F-11D3-BF4B-00C04F79EFBC}") = "YaHub.Domain", "src\YaHub.Domain\YaHub.Domain.csproj", "{0F51AB41-0D6B-4BD4-BFC1-9ADC00210F1D}"
EndProject
Project("{FAE04EC0-301F-11D3-BF4B-00C04F79EFBC}") = "YaHub.Application", "src\YaHub.Application\YaHub.Application.csproj", "{A78AC567-F464-4B3B-9EEB-32A54AF5A692}"
EndProject
Project("{FAE04EC0-301F-11D3-BF4B-00C04F79EFBC}") = "YaHub.Infrastructure", "src\YaHub.Infrastructure\YaHub.Infrastructure.csproj", "{C229B898-7031-4995-B09F-A623971808A1}"
EndProject
Global
	GlobalSection(SolutionConfigurationPlatforms) = preSolution
		Debug|Any CPU = Debug|Any CPU
		Debug|x64 = Debug|x64
		Debug|x86 = Debug|x86
		Release|Any CPU = Release|Any CPU
		Release|x64 = Release|x64
		Release|x86 = Release|x86
	EndGlobalSection
	GlobalSection(ProjectConfigurationPlatforms) = postSolution
		{91F6F50D-0CFA-4152-A278-83CC18AE62A2}.Debug|Any CPU.ActiveCfg = Debug|Any CPU
		{91F6F50D-0CFA-4152-A278-83CC18AE62A2}.Debug|Any CPU.Build.0 = Debug|Any CPU
		{91F6F50D-0CFA-4152-A278-83CC18AE62A2}.Debug|x64.ActiveCfg = Debug|Any CPU
		{91F6F50D-0CFA-4152-A278-83CC18AE62A2}.Debug|x64.Build.0 = Debug|Any CPU
		{91F6F50D-0CFA-4152-A278-83CC18AE62A2}.Debug|x86.ActiveCfg = Debug|Any CPU
		{91F6F50D-0CFA-4152-A278-83CC18AE62A2}.Debug|x86.Build.0 = Debug|Any CPU
		{91F6F50D-0CFA-4152-A278-83CC18AE62A2}.Release|Any CPU.ActiveCfg = Release|Any CPU
		{91F6F50D-0CFA-4152-A278-83CC18AE62A2}.Release|Any CPU.Build.0 = Release|Any CPU
		{91F6F50D-0CFA-4152-A278-83CC18AE62A2}.Release|x64.ActiveCfg = Release|Any CPU
		{91F6F50D-0CFA-4152-A278-83CC18AE62A2}.Release|x64.Build.0 = Release|Any CPU
		{91F6F50D-0CFA-4152-A278-83CC18AE62A2}.Release|x86.ActiveCfg = Release|Any CPU
		{91F6F50D-0CFA-4152-A278-83CC18AE62A2}.Release|x86.Build.0 = Release|Any CPU
		{0F51AB41-0D6B-4BD4-BFC1-9ADC00210F1D}.Debug|Any CPU.ActiveCfg = Debug|Any CPU
		{0F51AB41-0D6B-4BD4-BFC1-9ADC00210F1D}.Debug|Any CPU.Build.0 = Debug|Any CPU
		{0F51AB41-0D6B-4BD4-BFC1-9ADC00210F1D}.Debug|x64.ActiveCfg = Debug|Any CPU
		{0F51AB41-0D6B-4BD4-BFC1-9ADC00210F1D}.Debug|x64.Build.0 = Debug|Any CPU
		{0F51AB41-0D6B-4BD4-BFC1-9ADC00210F1D}.Debug|x86.ActiveCfg = Debug|Any CPU
		{0F51AB41-0D6B-4BD4-BFC1-9ADC00210F1D}.Debug|x86.Build.0 = Debug|Any CPU
		{0F51AB41-0D6B-4BD4-BFC1-9ADC00210F1D}.Release|Any CPU.ActiveCfg = Release|Any CPU
		{0F51AB41-0D6B-4BD4-BFC1-9ADC00210F1D}.Release|Any CPU.Build.0 = Release|Any CPU
		{0F51AB41-0D6B-4BD4-BFC1-9ADC00210F1D}.Release|x64.ActiveCfg = Release|Any CPU
		{0F51AB41-0D6B-4BD4-BFC1-9ADC00210F1D}.Release|x64.Build.0 = Release|Any CPU
		{0F51AB41-0D6B-4BD4-BFC1-9ADC00210F1D}.Release|x86.ActiveCfg = Release|Any CPU
		{0F51AB41-0D6B-4BD4-BFC1-9ADC00210F1D}.Release|x86.Build.0 = Release|Any CPU
		{A78AC567-F464-4B3B-9EEB-32A54AF5A692}.Debug|Any CPU.ActiveCfg = Debug|Any CPU
		{A78AC567-F464-4B3B-9EEB-32A54AF5A692}.Debug|Any CPU.Build.0 = Debug|Any CPU
		{A78AC567-F464-4B3B-9EEB-32A54AF5A692}.Debug|x64.ActiveCfg = Debug|Any CPU
		{A78AC567-F464-4B3B-9EEB-32A54AF5A692}.Debug|x64.Build.0 = Debug|Any CPU
		{A78AC567-F464-4B3B-9EEB-32A54AF5A692}.Debug|x86.ActiveCfg = Debug|Any CPU
		{A78AC567-F464-4B3B-9EEB-32A54AF5A692}.Debug|x86.Build.0 = Debug|Any CPU
		{A78AC567-F464-4B3B-9EEB-32A54AF5A692}.Release|Any CPU.ActiveCfg = Release|Any CPU
		{A78AC567-F464-4B3B-9EEB-32A54AF5A692}.Release|Any CPU.Build.0 = Release|Any CPU
		{A78AC567-F464-4B3B-9EEB-32A54AF5A692}.Release|x64.ActiveCfg = Release|Any CPU
		{A78AC567-F464-4B3B-9EEB-32A54AF5A692}.Release|x64.Build.0 = Release|Any CPU
		{A78AC567-F464-4B3B-9EEB-32A54AF5A692}.Release|x86.ActiveCfg = Release|Any CPU
		{A78AC567-F464-4B3B-9EEB-32A54AF5A692}.Release|x86.Build.0 = Release|Any CPU
		{C229B898-7031-4995-B09F-A623971808A1}.Debug|Any CPU.ActiveCfg = Debug|Any CPU
		{C229B898-7031-4995-B09F-A623971808A1}.Debug|Any CPU.Build.0 = Debug|Any CPU
		{C229B898-7031-4995-B09F-A623971808A1}.Debug|x64.ActiveCfg = Debug|Any CPU
		{C229B898-7031-4995-B09F-A623971808A1}.Debug|x64.Build.0 = Debug|Any CPU
		{C229B898-7031-4995-B09F-A623971808A1}.Debug|x86.ActiveCfg = Debug|Any CPU
		{C229B898-7031-4995-B09F-A623971808A1}.Debug|x86.Build.0 = Debug|Any CPU
		{C229B898-7031-4995-B09F-A623971808A1}.Release|Any CPU.ActiveCfg = Release|Any CPU
		{C229B898-7031-4995-B09F-A623971808A1}.Release|Any CPU.Build.0 = Release|Any CPU
		{C229B898-7031-4995-B09F-A623971808A1}.Release|x64.ActiveCfg = Release|Any CPU
		{C229B898-7031-4995-B09F-A623971808A1}.Release|x64.Build.0 = Release|Any CPU
		{C229B898-7031-4995-B09F-A623971808A1}.Release|x86.ActiveCfg = Release|Any CPU
		{C229B898-7031-4995-B09F-A623971808A1}.Release|x86.Build.0 = Release|Any CPU
	EndGlobalSection
	GlobalSection(SolutionProperties) = preSolution
		HideSolutionNode = FALSE
	EndGlobalSection
	GlobalSection(NestedProjects) = preSolution
		{91F6F50D-0CFA-4152-A278-83CC18AE62A2} = {827E0CD3-B72D-47B6-A68D-7590B98EB39B}
		{0F51AB41-0D6B-4BD4-BFC1-9ADC00210F1D} = {827E0CD3-B72D-47B6-A68D-7590B98EB39B}
		{A78AC567-F464-4B3B-9EEB-32A54AF5A692} = {827E0CD3-B72D-47B6-A68D-7590B98EB39B}
		{C229B898-7031-4995-B09F-A623971808A1} = {827E0CD3-B72D-47B6-A68D-7590B98EB39B}
	EndGlobalSection
EndGlobal
